
Microsoft Visual Studio Solution File, Format Version 12.00
# Visual Studio Version 16
VisualStudioVersion = 16.0.31019.35
MinimumVisualStudioVersion = 10.0.40219.1
Project("{FAE04EC0-301F-11D3-BF4B-00C04F79EFBC}") = "Store", "Store.csproj", "{B2C293C5-3D6C-449F-9D8F-30C0E55DAC88}"
EndProject
Global
	GlobalSection(SolutionConfigurationPlatforms) = preSolution
		Debug|Any CPU = Debug|Any CPU
		Release|Any CPU = Release|Any CPU
	EndGlobalSection
	GlobalSection(ProjectConfigurationPlatforms) = postSolution
		{B2C293C5-3D6C-449F-9D8F-30C0E55DAC88}.Debug|Any CPU.ActiveCfg = Debug|Any CPU
		{B2C293C5-3D6C-449F-9D8F-30C0E55DAC88}.Debug|Any CPU.Build.0 = Debug|Any CPU
		{B2C293C5-3D6C-449F-9D8F-30C0E55DAC88}.Release|Any CPU.ActiveCfg = Release|Any CPU
		{B2C293C5-3D6C-449F-9D8F-30C0E55DAC88}.Release|Any CPU.Build.0 = Release|Any CPU
	EndGlobalSection
	GlobalSection(SolutionProperties) = preSolution
		HideSolutionNode = FALSE
	EndGlobalSection
	GlobalSection(ExtensibilityGlobals) = postSolution
		SolutionGuid = {4366670E-BE50-42E6-8D6B-E6F7546A8D2B}
	EndGlobalSection
EndGlobal
